
Microsoft Visual Studio Solution File, Format Version 12.00
# Visual Studio Version 17
VisualStudioVersion = 17.12.35527.113 d17.12
MinimumVisualStudioVersion = 10.0.40219.1
Project("{2150E333-8FDC-42A3-9474-1A3956D46DE8}") = "src", "src", "{5DF8A2FD-D115-4AC1-9E49-0AC5A76B4456}"
EndProject
Project("{2150E333-8FDC-42A3-9474-1A3956D46DE8}") = "1. Presentation", "1. Presentation", "{629D2184-E6F5-4CA5-B81E-4072999A70D1}"
EndProject
Project("{2150E333-8FDC-42A3-9474-1A3956D46DE8}") = "2. Application", "2. Application", "{5AD0293F-A9C7-4F07-9ABD-B9197BC40021}"
EndProject
Project("{2150E333-8FDC-42A3-9474-1A3956D46DE8}") = "3. Domain", "3. Domain", "{BACD936F-E8A8-49B1-85C3-9C47FD4D57AA}"
EndProject
Project("{2150E333-8FDC-42A3-9474-1A3956D46DE8}") = "4. Infra", "4. Infra", "{BAE58280-94F6-4BF7-B299-D3222CD29F4F}"
EndProject
Project("{FAE04EC0-301F-11D3-BF4B-00C04F79EFBC}") = "SalasDeReuniaoCRUD.Domain", "src\SalasDeReuniaoCRUD.Domain\SalasDeReuniaoCRUD.Domain.csproj", "{3B7D66CB-8BD0-4E9A-916D-11362463FABA}"
EndProject
Project("{FAE04EC0-301F-11D3-BF4B-00C04F79EFBC}") = "SalasDeReuniaoCRUD.Domain.Core", "src\SalasDeReuniaoCRUD.Domain.Core\SalasDeReuniaoCRUD.Domain.Core.csproj", "{0B2FFB58-0687-416B-A667-3A7F80416C21}"
EndProject
Project("{FAE04EC0-301F-11D3-BF4B-00C04F79EFBC}") = "SalasDeReuniaoCRUD.Application", "src\SalasDeReuniaoCRUD.Application\SalasDeReuniaoCRUD.Application.csproj", "{805B322B-285C-4EBA-A57E-F9BE453A323E}"
EndProject
Project("{2150E333-8FDC-42A3-9474-1A3956D46DE8}") = "4.1. Data", "4.1. Data", "{B6F8141B-D239-4B23-BAF1-58674EACDD06}"
EndProject
Project("{2150E333-8FDC-42A3-9474-1A3956D46DE8}") = "4.2. CrossCutting", "4.2. CrossCutting", "{04A7F2F5-81D5-4482-9A17-CB17FE7B912C}"
EndProject
Project("{FAE04EC0-301F-11D3-BF4B-00C04F79EFBC}") = "SalasDeReuniaoCRUD.Infra.Data", "src\SalasDeReuniaoCRUD.Infra.Data\SalasDeReuniaoCRUD.Infra.Data.csproj", "{AC4124DB-9660-4627-87B0-E60C27B11353}"
EndProject
Project("{FAE04EC0-301F-11D3-BF4B-00C04F79EFBC}") = "SalasDeReuniaoCRUD.Infra.CrossCutting", "src\SalasDeReuniaoCRUD.Infra.CrossCutting\SalasDeReuniaoCRUD.Infra.CrossCutting.csproj", "{F4718C00-AC4F-43B7-AD14-9B2EE55F5546}"
EndProject
Global
	GlobalSection(SolutionConfigurationPlatforms) = preSolution
		Debug|Any CPU = Debug|Any CPU
		Release|Any CPU = Release|Any CPU
	EndGlobalSection
	GlobalSection(ProjectConfigurationPlatforms) = postSolution
		{3B7D66CB-8BD0-4E9A-916D-11362463FABA}.Debug|Any CPU.ActiveCfg = Debug|Any CPU
		{3B7D66CB-8BD0-4E9A-916D-11362463FABA}.Debug|Any CPU.Build.0 = Debug|Any CPU
		{3B7D66CB-8BD0-4E9A-916D-11362463FABA}.Release|Any CPU.ActiveCfg = Release|Any CPU
		{3B7D66CB-8BD0-4E9A-916D-11362463FABA}.Release|Any CPU.Build.0 = Release|Any CPU
		{0B2FFB58-0687-416B-A667-3A7F80416C21}.Debug|Any CPU.ActiveCfg = Debug|Any CPU
		{0B2FFB58-0687-416B-A667-3A7F80416C21}.Debug|Any CPU.Build.0 = Debug|Any CPU
		{0B2FFB58-0687-416B-A667-3A7F80416C21}.Release|Any CPU.ActiveCfg = Release|Any CPU
		{0B2FFB58-0687-416B-A667-3A7F80416C21}.Release|Any CPU.Build.0 = Release|Any CPU
		{805B322B-285C-4EBA-A57E-F9BE453A323E}.Debug|Any CPU.ActiveCfg = Debug|Any CPU
		{805B322B-285C-4EBA-A57E-F9BE453A323E}.Debug|Any CPU.Build.0 = Debug|Any CPU
		{805B322B-285C-4EBA-A57E-F9BE453A323E}.Release|Any CPU.ActiveCfg = Release|Any CPU
		{805B322B-285C-4EBA-A57E-F9BE453A323E}.Release|Any CPU.Build.0 = Release|Any CPU
		{AC4124DB-9660-4627-87B0-E60C27B11353}.Debug|Any CPU.ActiveCfg = Debug|Any CPU
		{AC4124DB-9660-4627-87B0-E60C27B11353}.Debug|Any CPU.Build.0 = Debug|Any CPU
		{AC4124DB-9660-4627-87B0-E60C27B11353}.Release|Any CPU.ActiveCfg = Release|Any CPU
		{AC4124DB-9660-4627-87B0-E60C27B11353}.Release|Any CPU.Build.0 = Release|Any CPU
		{F4718C00-AC4F-43B7-AD14-9B2EE55F5546}.Debug|Any CPU.ActiveCfg = Debug|Any CPU
		{F4718C00-AC4F-43B7-AD14-9B2EE55F5546}.Debug|Any CPU.Build.0 = Debug|Any CPU
		{F4718C00-AC4F-43B7-AD14-9B2EE55F5546}.Release|Any CPU.ActiveCfg = Release|Any CPU
		{F4718C00-AC4F-43B7-AD14-9B2EE55F5546}.Release|Any CPU.Build.0 = Release|Any CPU
	EndGlobalSection
	GlobalSection(SolutionProperties) = preSolution
		HideSolutionNode = FALSE
	EndGlobalSection
	GlobalSection(NestedProjects) = preSolution
		{629D2184-E6F5-4CA5-B81E-4072999A70D1} = {5DF8A2FD-D115-4AC1-9E49-0AC5A76B4456}
		{5AD0293F-A9C7-4F07-9ABD-B9197BC40021} = {5DF8A2FD-D115-4AC1-9E49-0AC5A76B4456}
		{BACD936F-E8A8-49B1-85C3-9C47FD4D57AA} = {5DF8A2FD-D115-4AC1-9E49-0AC5A76B4456}
		{BAE58280-94F6-4BF7-B299-D3222CD29F4F} = {5DF8A2FD-D115-4AC1-9E49-0AC5A76B4456}
		{3B7D66CB-8BD0-4E9A-916D-11362463FABA} = {BACD936F-E8A8-49B1-85C3-9C47FD4D57AA}
		{0B2FFB58-0687-416B-A667-3A7F80416C21} = {BACD936F-E8A8-49B1-85C3-9C47FD4D57AA}
		{805B322B-285C-4EBA-A57E-F9BE453A323E} = {5AD0293F-A9C7-4F07-9ABD-B9197BC40021}
		{B6F8141B-D239-4B23-BAF1-58674EACDD06} = {BAE58280-94F6-4BF7-B299-D3222CD29F4F}
		{04A7F2F5-81D5-4482-9A17-CB17FE7B912C} = {BAE58280-94F6-4BF7-B299-D3222CD29F4F}
		{AC4124DB-9660-4627-87B0-E60C27B11353} = {B6F8141B-D239-4B23-BAF1-58674EACDD06}
		{F4718C00-AC4F-43B7-AD14-9B2EE55F5546} = {04A7F2F5-81D5-4482-9A17-CB17FE7B912C}
	EndGlobalSection
EndGlobal
